# Package integration tests use per-platform digest-pinned base images. A
# single multi-arch index digest is not sufficient here because the Docker
# engine can collide when the same repo@digest is reused across different
# --platform pulls in one smoke-test run.
DEBIAN_STABLE_AMD64_IMAGE=debian:trixie@sha256:348ca344599ceea2396cc6af4dc5c8477c39f53709f34ff3c6867b42260c70ef
DEBIAN_STABLE_ARM64_IMAGE=debian:trixie@sha256:58067353d6fd9d3b153d42aa4d96cf8f0b3932b4e3242f6a182395d30130a3db
DEBIAN_STABLE_ARMV7_IMAGE=debian:trixie@sha256:a3152a865e07e356fd6ca5de48facba0b9a7ae36721740831386000aa09e3698
DEBIAN_UNSTABLE_AMD64_IMAGE=debian:sid@sha256:fe47f341b66514841d078ce83a7e780b2b7eccae5aa37b5ff1f2b47766421cdc
DEBIAN_UNSTABLE_ARM64_IMAGE=debian:sid@sha256:35acec7aad621dda1150833729a1b350ade4508aa484f5a2ab49cb22c59e73e7
DEBIAN_UNSTABLE_ARMV7_IMAGE=debian:sid@sha256:b6fb76e91cd42bc554a3a1d97454108a3dfc5aba93b6ad813902b53c45ef5a00
UBUNTU_STABLE_AMD64_IMAGE=ubuntu:24.04@sha256:67efaecc0031a612cf7bb3c863407018dbbef0a971f62032b77aa542ac8ac0d2
UBUNTU_STABLE_ARM64_IMAGE=ubuntu:24.04@sha256:288ce2836bbcbed87626f077b10acb99006be8c3df12e21dda4f21ccbc58cc0b
UBUNTU_STABLE_ARMV7_IMAGE=ubuntu:24.04@sha256:249e159e2dffe8c847ba1f88e0006fe8ae28c020c150310df5b57cbbe5ee1f3a
UBUNTU_UNSTABLE_AMD64_IMAGE=ubuntu:devel@sha256:c17e4720a74c1343e53c68e832fbf425d0c75751f4ccc25f0452c865c15aa288
UBUNTU_UNSTABLE_ARM64_IMAGE=ubuntu:devel@sha256:1e607f49dfb711a1159cffeb0fdd8ea35ef0f6f6b575dde5af1f4ee062f4d372
UBUNTU_UNSTABLE_ARMV7_IMAGE=ubuntu:devel@sha256:eb048070703b4f8df9faa36b8f58ce7e0803b054b9b910f878984eda6f422a61
FEDORA_STABLE_AMD64_IMAGE=fedora:43@sha256:abc510d524d2eec700ca4a51d5534f038f38ed8bd3ea3951c7b3c84718587093
FEDORA_UNSTABLE_AMD64_IMAGE=fedora:rawhide@sha256:a17627eaa21aa1d3d3ca59ac05d0f3f3a9e36c241ce2556328ed9c1f5a1d9723
