# Package integration tests use digest-pinned base images so the stable and
# unstable smoke matrix stays reproducible between CI runs.
DEBIAN_STABLE_IMAGE=debian:trixie@sha256:55a15a112b42be10bfc8092fcc40b6748dc236f7ef46a358d9392b339e9d60e8
DEBIAN_UNSTABLE_IMAGE=debian:sid@sha256:071a25c056c21aee5db229f734f8db568907b59e4f5856cfb06d47dbbcdddab7
UBUNTU_STABLE_IMAGE=ubuntu:24.04@sha256:186072bba1b2f436cbb91ef2567abca677337cfc786c86e107d25b7072feef0c
UBUNTU_UNSTABLE_IMAGE=ubuntu:devel@sha256:91832dcd7bc5e44c098ecefc0a251a5c5d596dae494b33fb248e01b6840f8ce0
FEDORA_STABLE_IMAGE=fedora:43@sha256:781b7642e8bf256e9cf75d2aa58d86f5cc695fd2df113517614e181a5eee9138
FEDORA_UNSTABLE_IMAGE=fedora:rawhide@sha256:af8cdc432037f5e8e288bbc26c2b55b96000a911ec5b37959cd464d830f6cc5b
