# Snapshot-pinned inputs for the trusted release builder.
DEBIAN_BASE_IMAGE=debian:trixie@sha256:fac46bff2e02f51425b6e33b0e1169f55dfb053d83511ca28aa50c09fd5ed7a4
DEBIAN_SNAPSHOT_URL=http://snapshot.debian.org/archive/debian
DEBIAN_SNAPSHOT_TIMESTAMP=20260518T000000Z
DEBIAN_SNAPSHOT_INRELEASE_SHA256=71f2c66148e9e10b4a0c100985b28734704f61efca350519b09bb3a0aad4c771
DEBIAN_SUITE=trixie
