# Snapshot-pinned inputs for the trusted release builder.
DEBIAN_BASE_IMAGE=debian:trixie@sha256:3352c2e13876c8a5c5873ef20870e1939e73cb9a3c1aeba5e3e72172a85ce9ed
DEBIAN_SNAPSHOT_URL=http://snapshot.debian.org/archive/debian
DEBIAN_SNAPSHOT_TIMESTAMP=20260317T082636Z
DEBIAN_SNAPSHOT_INRELEASE_SHA256=7592e4ccb4658a58bfe485d3356b3c983bf8ccff7fca1f6091e4d4296284ed18
DEBIAN_SUITE=trixie
